// !$*UTF8*$!
{
	archiveVersion = 1;
	classes = {
	};
	objectVersion = 48;
	objects = {

/* Begin PBXBuildFile section */
		F16CF0EA1FB18E0D00EECBFF /* AppDelegate.m in Sources */ = {isa = PBXBuildFile; fileRef = F16CF0E91FB18E0D00EECBFF /* AppDelegate.m */; };
		F16CF0ED1FB18E0D00EECBFF /* ViewController.m in Sources */ = {isa = PBXBuildFile; fileRef = F16CF0EC1FB18E0D00EECBFF /* ViewController.m */; };
		F16CF0F01FB18E0D00EECBFF /* Main.storyboard in Resources */ = {isa = PBXBuildFile; fileRef = F16CF0EE1FB18E0D00EECBFF /* Main.storyboard */; };
		F16CF0F21FB18E0D00EECBFF /* Assets.xcassets in Resources */ = {isa = PBXBuildFile; fileRef = F16CF0F11FB18E0D00EECBFF /* Assets.xcassets */; };
		F16CF0F51FB18E0D00EECBFF /* LaunchScreen.storyboard in Resources */ = {isa = PBXBuildFile; fileRef = F16CF0F31FB18E0D00EECBFF /* LaunchScreen.storyboard */; };
		F16CF0F81FB18E0D00EECBFF /* main.m in Sources */ = {isa = PBXBuildFile; fileRef = F16CF0F71FB18E0D00EECBFF /* main.m */; };
		F16CF1001FB18FE400EECBFF /* RCTableView.m in Sources */ = {isa = PBXBuildFile; fileRef = F16CF0FF1FB18FE400EECBFF /* RCTableView.m */; };
		F16CF1021FB1904200EECBFF /* RCTableView.xib in Resources */ = {isa = PBXBuildFile; fileRef = F16CF1011FB1904200EECBFF /* RCTableView.xib */; };
/* End PBXBuildFile section */

/* Begin PBXFileReference section */
		F16CF0E51FB18E0D00EECBFF /* TableViewDemo.app */ = {isa = PBXFileReference; explicitFileType = wrapper.application; includeInIndex = 0; path = TableViewDemo.app; sourceTree = BUILT_PRODUCTS_DIR; };
		F16CF0E81FB18E0D00EECBFF /* AppDelegate.h */ = {isa = PBXFileReference; lastKnownFileType = sourcecode.c.h; path = AppDelegate.h; sourceTree = "<group>"; };
		F16CF0E91FB18E0D00EECBFF /* AppDelegate.m */ = {isa = PBXFileReference; lastKnownFileType = sourcecode.c.objc; path = AppDelegate.m; sourceTree = "<group>"; };
		F16CF0EB1FB18E0D00EECBFF /* ViewController.h */ = {isa = PBXFileReference; lastKnownFileType = sourcecode.c.h; path = ViewController.h; sourceTree = "<group>"; };
		F16CF0EC1FB18E0D00EECBFF /* ViewController.m */ = {isa = PBXFileReference; lastKnownFileType = sourcecode.c.objc; path = ViewController.m; sourceTree = "<group>"; };
		F16CF0EF1FB18E0D00EECBFF /* Base */ = {isa = PBXFileReference; lastKnownFileType = file.storyboard; name = Base; path = Base.lproj/Main.storyboard; sourceTree = "<group>"; };
		F16CF0F11FB18E0D00EECBFF /* Assets.xcassets */ = {isa = PBXFileReference; lastKnownFileType = folder.assetcatalog; path = Assets.xcassets; sourceTree = "<group>"; };
		F16CF0F41FB18E0D00EECBFF /* Base */ = {isa = PBXFileReference; lastKnownFileType = file.storyboard; name = Base; path = Base.lproj/LaunchScreen.storyboard; sourceTree = "<group>"; };
		F16CF0F61FB18E0D00EECBFF /* Info.plist */ = {isa = PBXFileReference; lastKnownFileType = text.plist.xml; path = Info.plist; sourceTree = "<group>"; };
		F16CF0F71FB18E0D00EECBFF /* main.m */ = {isa = PBXFileReference; lastKnownFileType = sourcecode.c.objc; path = main.m; sourceTree = "<group>"; };
		F16CF0FE1FB18FE400EECBFF /* RCTableView.h */ = {isa = PBXFileReference; lastKnownFileType = sourcecode.c.h; path = RCTableView.h; sourceTree = "<group>"; };
		F16CF0FF1FB18FE400EECBFF /* RCTableView.m */ = {isa = PBXFileReference; lastKnownFileType = sourcecode.c.objc; path = RCTableView.m; sourceTree = "<group>"; };
		F16CF1011FB1904200EECBFF /* RCTableView.xib */ = {isa = PBXFileReference; lastKnownFileType = file.xib; path = RCTableView.xib; sourceTree = "<group>"; };
/* End PBXFileReference section */

/* Begin PBXFrameworksBuildPhase section */
		F16CF0E21FB18E0D00EECBFF /* Frameworks */ = {
			isa = PBXFrameworksBuildPhase;
			buildActionMask = 2147483647;
			files = (
			);
			runOnlyForDeploymentPostprocessing = 0;
		};
/* End PBXFrameworksBuildPhase section */

/* Begin PBXGroup section */
		F16CF0DC1FB18E0D00EECBFF = {
			isa = PBXGroup;
			children = (
				F16CF0E71FB18E0D00EECBFF /* TableViewDemo */,
				F16CF0E61FB18E0D00EECBFF /* Products */,
			);
			sourceTree = "<group>";
		};
		F16CF0E61FB18E0D00EECBFF /* Products */ = {
			isa = PBXGroup;
			children = (
				F16CF0E51FB18E0D00EECBFF /* TableViewDemo.app */,
			);
			name = Products;
			sourceTree = "<group>";
		};
		F16CF0E71FB18E0D00EECBFF /* TableViewDemo */ = {
			isa = PBXGroup;
			children = (
				F16CF0E81FB18E0D00EECBFF /* AppDelegate.h */,
				F16CF0E91FB18E0D00EECBFF /* AppDelegate.m */,
				F16CF0EB1FB18E0D00EECBFF /* ViewController.h */,
				F16CF0EC1FB18E0D00EECBFF /* ViewController.m */,
				F16CF0EE1FB18E0D00EECBFF /* Main.storyboard */,
				F16CF0F11FB18E0D00EECBFF /* Assets.xcassets */,
				F16CF0F31FB18E0D00EECBFF /* LaunchScreen.storyboard */,
				F16CF0F61FB18E0D00EECBFF /* Info.plist */,
				F16CF0F71FB18E0D00EECBFF /* main.m */,
				F16CF0FE1FB18FE400EECBFF /* RCTableView.h */,
				F16CF0FF1FB18FE400EECBFF /* RCTableView.m */,
				F16CF1011FB1904200EECBFF /* RCTableView.xib */,
			);
			path = TableViewDemo;
			sourceTree = "<group>";
		};
/* End PBXGroup section */

/* Begin PBXNativeTarget section */
		F16CF0E41FB18E0D00EECBFF /* TableViewDemo */ = {
			isa = PBXNativeTarget;
			buildConfigurationList = F16CF0FB1FB18E0D00EECBFF /* Build configuration list for PBXNativeTarget "TableViewDemo" */;
			buildPhases = (
				F16CF0E11FB18E0D00EECBFF /* Sources */,
				F16CF0E21FB18E0D00EECBFF /* Frameworks */,
				F16CF0E31FB18E0D00EECBFF /* Resources */,
			);
			buildRules = (
			);
			dependencies = (
			);
			name = TableViewDemo;
			productName = TableViewDemo;
			productReference = F16CF0E51FB18E0D00EECBFF /* TableViewDemo.app */;
			productType = "com.apple.product-type.application";
		};
/* End PBXNativeTarget section */

/* Begin PBXProject section */
		F16CF0DD1FB18E0D00EECBFF /* Project object */ = {
			isa = PBXProject;
			attributes = {
				LastUpgradeCheck = 0900;
				ORGANIZATIONNAME = "程荣刚";
				TargetAttributes = {
					F16CF0E41FB18E0D00EECBFF = {
						CreatedOnToolsVersion = 9.0;
						ProvisioningStyle = Automatic;
					};
				};
			};
			buildConfigurationList = F16CF0E01FB18E0D00EECBFF /* Build configuration list for PBXProject "TableViewDemo" */;
			compatibilityVersion = "Xcode 8.0";
			developmentRegion = en;
			hasScannedForEncodings = 0;
			knownRegions = (
				en,
				Base,
			);
			mainGroup = F16CF0DC1FB18E0D00EECBFF;
			productRefGroup = F16CF0E61FB18E0D00EECBFF /* Products */;
			projectDirPath = "";
			projectRoot = "";
			targets = (
				F16CF0E41FB18E0D00EECBFF /* TableViewDemo */,
			);
		};
/* End PBXProject section */

/* Begin PBXResourcesBuildPhase section */
		F16CF0E31FB18E0D00EECBFF /* Resources */ = {
			isa = PBXResourcesBuildPhase;
			buildActionMask = 2147483647;
			files = (
				F16CF1021FB1904200EECBFF /* RCTableView.xib in Resources */,
				F16CF0F51FB18E0D00EECBFF /* LaunchScreen.storyboard in Resources */,
				F16CF0F21FB18E0D00EECBFF /* Assets.xcassets in Resources */,
				F16CF0F01FB18E0D00EECBFF /* Main.storyboard in Resources */,
			);
			runOnlyForDeploymentPostprocessing = 0;
		};
/* End PBXResourcesBuildPhase section */

/* Begin PBXSourcesBuildPhase section */
		F16CF0E11FB18E0D00EECBFF /* Sources */ = {
			isa = PBXSourcesBuildPhase;
			buildActionMask = 2147483647;
			files = (
				F16CF1001FB18FE400EECBFF /* RCTableView.m in Sources */,
				F16CF0ED1FB18E0D00EECBFF /* ViewController.m in Sources */,
				F16CF0F81FB18E0D00EECBFF /* main.m in Sources */,
				F16CF0EA1FB18E0D00EECBFF /* AppDelegate.m in Sources */,
			);
			runOnlyForDeploymentPostprocessing = 0;
		};
/* End PBXSourcesBuildPhase section */

/* Begin PBXVariantGroup section */
		F16CF0EE1FB18E0D00EECBFF /* Main.storyboard */ = {
			isa = PBXVariantGroup;
			children = (
				F16CF0EF1FB18E0D00EECBFF /* Base */,
			);
			name = Main.storyboard;
			sourceTree = "<group>";
		};
		F16CF0F31FB18E0D00EECBFF /* LaunchScreen.storyboard */ = {
			isa = PBXVariantGroup;
			children = (
				F16CF0F41FB18E0D00EECBFF /* Base */,
			);
			name = LaunchScreen.storyboard;
			sourceTree = "<group>";
		};
/* End PBXVariantGroup section */

/* Begin XCBuildConfiguration section */
		F16CF0F91FB18E0D00EECBFF /* Debug */ = {
			isa = XCBuildConfiguration;
			buildSettings = {
				ALWAYS_SEARCH_USER_PATHS = NO;
				CLANG_ANALYZER_NONNULL = YES;
				CLANG_ANALYZER_NUMBER_OBJECT_CONVERSION = YES_AGGRESSIVE;
				CLANG_CXX_LANGUAGE_STANDARD = "gnu++14";
				CLANG_CXX_LIBRARY = "libc++";
				CLANG_ENABLE_MODULES = YES;
				CLANG_ENABLE_OBJC_ARC = YES;
				CLANG_WARN_BLOCK_CAPTURE_AUTORELEASING = YES;
				CLANG_WARN_BOOL_CONVERSION = YES;
				CLANG_WARN_COMMA = YES;
				CLANG_WARN_CONSTANT_CONVERSION = YES;
				CLANG_WARN_DIRECT_OBJC_ISA_USAGE = YES_ERROR;
				CLANG_WARN_DOCUMENTATION_COMMENTS = YES;
				CLANG_WARN_EMPTY_BODY = YES;
				CLANG_WARN_ENUM_CONVERSION = YES;
				CLANG_WARN_INFINITE_RECURSION = YES;
				CLANG_WARN_INT_CONVERSION = YES;
				CLANG_WARN_NON_LITERAL_NULL_CONVERSION = YES;
				CLANG_WARN_OBJC_LITERAL_CONVERSION = YES;
				CLANG_WARN_OBJC_ROOT_CLASS = YES_ERROR;
				CLANG_WARN_RANGE_LOOP_ANALYSIS = YES;
				CLANG_WARN_STRICT_PROTOTYPES = YES;
				CLANG_WARN_SUSPICIOUS_MOVE = YES;
				CLANG_WARN_UNGUARDED_AVAILABILITY = YES_AGGRESSIVE;
				CLANG_WARN_UNREACHABLE_CODE = YES;
				CLANG_WARN__DUPLICATE_METHOD_MATCH = YES;
				CODE_SIGN_IDENTITY = "iPhone Developer";
				COPY_PHASE_STRIP = NO;
				DEBUG_INFORMATION_FORMAT = dwarf;
				ENABLE_STRICT_OBJC_MSGSEND = YES;
				ENABLE_TESTABILITY = YES;
				GCC_C_LANGUAGE_STANDARD = gnu11;
				GCC_DYNAMIC_NO_PIC = NO;
				GCC_NO_COMMON_BLOCKS = YES;
				GCC_OPTIMIZATION_LEVEL = 0;
				GCC_PREPROCESSOR_DEFINITIONS = (
					"DEBUG=1",
					"$(inherited)",
				);
				GCC_WARN_64_TO_32_BIT_CONVERSION = YES;
				GCC_WARN_ABOUT_RETURN_TYPE = YES_ERROR;
				GCC_WARN_UNDECLARED_SELECTOR = YES;
				GCC_WARN_UNINITIALIZED_AUTOS = YES_AGGRESSIVE;
				GCC_WARN_UNUSED_FUNCTION = YES;
				GCC_WARN_UNUSED_VARIABLE = YES;
				IPHONEOS_DEPLOYMENT_TARGET = 11.0;
				MTL_ENABLE_DEBUG_INFO = YES;
				ONLY_ACTIVE_ARCH = YES;
				SDKROOT = iphoneos;
			};
			name = Debug;
		};
		F16CF0FA1FB18E0D00EECBFF /* Release */ = {
			isa = XCBuildConfiguration;
			buildSettings = {
				ALWAYS_SEARCH_USER_PATHS = NO;
				CLANG_ANALYZER_NONNULL = YES;
				CLANG_ANALYZER_NUMBER_OBJECT_CONVERSION = YES_AGGRESSIVE;
				CLANG_CXX_LANGUAGE_STANDARD = "gnu++14";
				CLANG_CXX_LIBRARY = "libc++";
				CLANG_ENABLE_MODULES = YES;
				CLANG_ENABLE_OBJC_ARC = YES;
				CLANG_WARN_BLOCK_CAPTURE_AUTORELEASING = YES;
				CLANG_WARN_BOOL_CONVERSION = YES;
				CLANG_WARN_COMMA = YES;
				CLANG_WARN_CONSTANT_CONVERSION = YES;
				CLANG_WARN_DIRECT_OBJC_ISA_USAGE = YES_ERROR;
				CLANG_WARN_DOCUMENTATION_COMMENTS = YES;
				CLANG_WARN_EMPTY_BODY = YES;
				CLANG_WARN_ENUM_CONVERSION = YES;
				CLANG_WARN_INFINITE_RECURSION = YES;
				CLANG_WARN_INT_CONVERSION = YES;
				CLANG_WARN_NON_LITERAL_NULL_CONVERSION = YES;
				CLANG_WARN_OBJC_LITERAL_CONVERSION = YES;
				CLANG_WARN_OBJC_ROOT_CLASS = YES_ERROR;
				CLANG_WARN_RANGE_LOOP_ANALYSIS = YES;
				CLANG_WARN_STRICT_PROTOTYPES = YES;
				CLANG_WARN_SUSPICIOUS_MOVE = YES;
				CLANG_WARN_UNGUARDED_AVAILABILITY = YES_AGGRESSIVE;
				CLANG_WARN_UNREACHABLE_CODE = YES;
				CLANG_WARN__DUPLICATE_METHOD_MATCH = YES;
				CODE_SIGN_IDENTITY = "iPhone Developer";
				COPY_PHASE_STRIP = NO;
				DEBUG_INFORMATION_FORMAT = "dwarf-with-dsym";
				ENABLE_NS_ASSERTIONS = NO;
				ENABLE_STRICT_OBJC_MSGSEND = YES;
				GCC_C_LANGUAGE_STANDARD = gnu11;
				GCC_NO_COMMON_BLOCKS = YES;
				GCC_WARN_64_TO_32_BIT_CONVERSION = YES;
				GCC_WARN_ABOUT_RETURN_TYPE = YES_ERROR;
				GCC_WARN_UNDECLARED_SELECTOR = YES;
				GCC_WARN_UNINITIALIZED_AUTOS = YES_AGGRESSIVE;
				GCC_WARN_UNUSED_FUNCTION = YES;
				GCC_WARN_UNUSED_VARIABLE = YES;
				IPHONEOS_DEPLOYMENT_TARGET = 11.0;
				MTL_ENABLE_DEBUG_INFO = NO;
				SDKROOT = iphoneos;
				VALIDATE_PRODUCT = YES;
			};
			name = Release;
		};
		F16CF0FC1FB18E0D00EECBFF /* Debug */ = {
			isa = XCBuildConfiguration;
			buildSettings = {
				ASSETCATALOG_COMPILER_APPICON_NAME = AppIcon;
				CODE_SIGN_STYLE = Automatic;
				DEVELOPMENT_TEAM = 5Y5SPP5LY6;
				INFOPLIST_FILE = TableViewDemo/Info.plist;
				LD_RUNPATH_SEARCH_PATHS = "$(inherited) @executable_path/Frameworks";
				PRODUCT_BUNDLE_IDENTIFIER = com.utouu.TableViewDemo;
				PRODUCT_NAME = "$(TARGET_NAME)";
				TARGETED_DEVICE_FAMILY = "1,2";
			};
			name = Debug;
		};
		F16CF0FD1FB18E0D00EECBFF /* Release */ = {
			isa = XCBuildConfiguration;
			buildSettings = {
				ASSETCATALOG_COMPILER_APPICON_NAME = AppIcon;
				CODE_SIGN_STYLE = Automatic;
				DEVELOPMENT_TEAM = 5Y5SPP5LY6;
				INFOPLIST_FILE = TableViewDemo/Info.plist;
				LD_RUNPATH_SEARCH_PATHS = "$(inherited) @executable_path/Frameworks";
				PRODUCT_BUNDLE_IDENTIFIER = com.utouu.TableViewDemo;
				PRODUCT_NAME = "$(TARGET_NAME)";
				TARGETED_DEVICE_FAMILY = "1,2";
			};
			name = Release;
		};
/* End XCBuildConfiguration section */

/* Begin XCConfigurationList section */
		F16CF0E01FB18E0D00EECBFF /* Build configuration list for PBXProject "TableViewDemo" */ = {
			isa = XCConfigurationList;
			buildConfigurations = (
				F16CF0F91FB18E0D00EECBFF /* Debug */,
				F16CF0FA1FB18E0D00EECBFF /* Release */,
			);
			defaultConfigurationIsVisible = 0;
			defaultConfigurationName = Release;
		};
		F16CF0FB1FB18E0D00EECBFF /* Build configuration list for PBXNativeTarget "TableViewDemo" */ = {
			isa = XCConfigurationList;
			buildConfigurations = (
				F16CF0FC1FB18E0D00EECBFF /* Debug */,
				F16CF0FD1FB18E0D00EECBFF /* Release */,
			);
			defaultConfigurationIsVisible = 0;
			defaultConfigurationName = Release;
		};
/* End XCConfigurationList section */
	};
	rootObject = F16CF0DD1FB18E0D00EECBFF /* Project object */;
}
